
Microsoft Visual Studio Solution File, Format Version 12.00
# Visual Studio 15
VisualStudioVersion = 15.0.28307.438
MinimumVisualStudioVersion = 10.0.40219.1
Project("{9A19103F-16F7-4668-BE54-9A1E7A4F7556}") = "MyWebApp", "MyWebApp\MyWebApp.csproj", "{30B9CAA7-E249-4908-BB94-16433AF4CD3B}"
EndProject
Global
	GlobalSection(SolutionConfigurationPlatforms) = preSolution
		Debug|Any CPU = Debug|Any CPU
		Release|Any CPU = Release|Any CPU
	EndGlobalSection
	GlobalSection(ProjectConfigurationPlatforms) = postSolution
		{30B9CAA7-E249-4908-BB94-16433AF4CD3B}.Debug|Any CPU.ActiveCfg = Debug|Any CPU
		{30B9CAA7-E249-4908-BB94-16433AF4CD3B}.Debug|Any CPU.Build.0 = Debug|Any CPU
		{30B9CAA7-E249-4908-BB94-16433AF4CD3B}.Release|Any CPU.ActiveCfg = Release|Any CPU
		{30B9CAA7-E249-4908-BB94-16433AF4CD3B}.Release|Any CPU.Build.0 = Release|Any CPU
	EndGlobalSection
	GlobalSection(SolutionProperties) = preSolution
		HideSolutionNode = FALSE
	EndGlobalSection
	GlobalSection(ExtensibilityGlobals) = postSolution
		SolutionGuid = {E5FC47E7-507F-4F4D-B0C5-915C6925EEBA}
	EndGlobalSection
EndGlobal
